// !$*UTF8*$!
{
	archiveVersion = 1;
	classes = {
	};
	objectVersion = 50;
	objects = {

/* Begin PBXBuildFile section */
		8E1787572487CDEB003B6741 /* AppDelegate.swift in Sources */ = {isa = PBXBuildFile; fileRef = 8E1787562487CDEB003B6741 /* AppDelegate.swift */; };
		8E1787592487CDEB003B6741 /* SceneDelegate.swift in Sources */ = {isa = PBXBuildFile; fileRef = 8E1787582487CDEB003B6741 /* SceneDelegate.swift */; };
		8E17875B2487CDEB003B6741 /* ContentView.swift in Sources */ = {isa = PBXBuildFile; fileRef = 8E17875A2487CDEB003B6741 /* ContentView.swift */; };
		8E17875D2487CDEC003B6741 /* Assets.xcassets in Resources */ = {isa = PBXBuildFile; fileRef = 8E17875C2487CDEC003B6741 /* Assets.xcassets */; };
		8E1787602487CDEC003B6741 /* Preview Assets.xcassets in Resources */ = {isa = PBXBuildFile; fileRef = 8E17875F2487CDEC003B6741 /* Preview Assets.xcassets */; };
		8E1787632487CDEC003B6741 /* LaunchScreen.storyboard in Resources */ = {isa = PBXBuildFile; fileRef = 8E1787612487CDEC003B6741 /* LaunchScreen.storyboard */; };
		8E17876B2487CE21003B6741 /* LandmarkList.swift in Sources */ = {isa = PBXBuildFile; fileRef = 8E17876A2487CE21003B6741 /* LandmarkList.swift */; };
		8E17876E2487CE7A003B6741 /* CircleImage.swift in Sources */ = {isa = PBXBuildFile; fileRef = 8E17876D2487CE7A003B6741 /* CircleImage.swift */; };
		8E1787702487CE83003B6741 /* MapView.swift in Sources */ = {isa = PBXBuildFile; fileRef = 8E17876F2487CE83003B6741 /* MapView.swift */; };
		8E1787722487CFA4003B6741 /* Landmark.swift in Sources */ = {isa = PBXBuildFile; fileRef = 8E1787712487CFA4003B6741 /* Landmark.swift */; };
		8E1787742487CFD8003B6741 /* Data.swift in Sources */ = {isa = PBXBuildFile; fileRef = 8E1787732487CFD8003B6741 /* Data.swift */; };
		8E1787762487CFFF003B6741 /* LandmarkRow.swift in Sources */ = {isa = PBXBuildFile; fileRef = 8E1787752487CFFF003B6741 /* LandmarkRow.swift */; };
		8E1787782487D021003B6741 /* LandmarkDetail.swift in Sources */ = {isa = PBXBuildFile; fileRef = 8E1787772487D021003B6741 /* LandmarkDetail.swift */; };
/* End PBXBuildFile section */

/* Begin PBXFileReference section */
		8E1787532487CDEB003B6741 /* BuildingListsAndNavigation.app */ = {isa = PBXFileReference; explicitFileType = wrapper.application; includeInIndex = 0; path = BuildingListsAndNavigation.app; sourceTree = BUILT_PRODUCTS_DIR; };
		8E1787562487CDEB003B6741 /* AppDelegate.swift */ = {isa = PBXFileReference; lastKnownFileType = sourcecode.swift; path = AppDelegate.swift; sourceTree = "<group>"; };
		8E1787582487CDEB003B6741 /* SceneDelegate.swift */ = {isa = PBXFileReference; lastKnownFileType = sourcecode.swift; path = SceneDelegate.swift; sourceTree = "<group>"; };
		8E17875A2487CDEB003B6741 /* ContentView.swift */ = {isa = PBXFileReference; lastKnownFileType = sourcecode.swift; path = ContentView.swift; sourceTree = "<group>"; };
		8E17875C2487CDEC003B6741 /* Assets.xcassets */ = {isa = PBXFileReference; lastKnownFileType = folder.assetcatalog; path = Assets.xcassets; sourceTree = "<group>"; };
		8E17875F2487CDEC003B6741 /* Preview Assets.xcassets */ = {isa = PBXFileReference; lastKnownFileType = folder.assetcatalog; path = "Preview Assets.xcassets"; sourceTree = "<group>"; };
		8E1787622487CDEC003B6741 /* Base */ = {isa = PBXFileReference; lastKnownFileType = file.storyboard; name = Base; path = Base.lproj/LaunchScreen.storyboard; sourceTree = "<group>"; };
		8E1787642487CDEC003B6741 /* Info.plist */ = {isa = PBXFileReference; lastKnownFileType = text.plist.xml; path = Info.plist; sourceTree = "<group>"; };
		8E17876A2487CE21003B6741 /* LandmarkList.swift */ = {isa = PBXFileReference; lastKnownFileType = sourcecode.swift; path = LandmarkList.swift; sourceTree = "<group>"; };
		8E17876D2487CE7A003B6741 /* CircleImage.swift */ = {isa = PBXFileReference; lastKnownFileType = sourcecode.swift; path = CircleImage.swift; sourceTree = "<group>"; };
		8E17876F2487CE83003B6741 /* MapView.swift */ = {isa = PBXFileReference; lastKnownFileType = sourcecode.swift; path = MapView.swift; sourceTree = "<group>"; };
		8E1787712487CFA4003B6741 /* Landmark.swift */ = {isa = PBXFileReference; lastKnownFileType = sourcecode.swift; path = Landmark.swift; sourceTree = "<group>"; };
		8E1787732487CFD8003B6741 /* Data.swift */ = {isa = PBXFileReference; lastKnownFileType = sourcecode.swift; path = Data.swift; sourceTree = "<group>"; };
		8E1787752487CFFF003B6741 /* LandmarkRow.swift */ = {isa = PBXFileReference; lastKnownFileType = sourcecode.swift; path = LandmarkRow.swift; sourceTree = "<group>"; };
		8E1787772487D021003B6741 /* LandmarkDetail.swift */ = {isa = PBXFileReference; lastKnownFileType = sourcecode.swift; path = LandmarkDetail.swift; sourceTree = "<group>"; };
/* End PBXFileReference section */

/* Begin PBXFrameworksBuildPhase section */
		8E1787502487CDEB003B6741 /* Frameworks */ = {
			isa = PBXFrameworksBuildPhase;
			buildActionMask = 2147483647;
			files = (
			);
			runOnlyForDeploymentPostprocessing = 0;
		};
/* End PBXFrameworksBuildPhase section */

/* Begin PBXGroup section */
		8E17874A2487CDEB003B6741 = {
			isa = PBXGroup;
			children = (
				8E1787552487CDEB003B6741 /* BuildingListsAndNavigation */,
				8E1787542487CDEB003B6741 /* Products */,
			);
			sourceTree = "<group>";
		};
		8E1787542487CDEB003B6741 /* Products */ = {
			isa = PBXGroup;
			children = (
				8E1787532487CDEB003B6741 /* BuildingListsAndNavigation.app */,
			);
			name = Products;
			sourceTree = "<group>";
		};
		8E1787552487CDEB003B6741 /* BuildingListsAndNavigation */ = {
			isa = PBXGroup;
			children = (
				8E17876A2487CE21003B6741 /* LandmarkList.swift */,
				8E1787562487CDEB003B6741 /* AppDelegate.swift */,
				8E1787582487CDEB003B6741 /* SceneDelegate.swift */,
				8E17875A2487CDEB003B6741 /* ContentView.swift */,
				8E1787712487CFA4003B6741 /* Landmark.swift */,
				8E1787732487CFD8003B6741 /* Data.swift */,
				8E1787752487CFFF003B6741 /* LandmarkRow.swift */,
				8E1787772487D021003B6741 /* LandmarkDetail.swift */,
				8E17876C2487CE60003B6741 /* SupportingViews */,
				8E17875C2487CDEC003B6741 /* Assets.xcassets */,
				8E1787612487CDEC003B6741 /* LaunchScreen.storyboard */,
				8E1787642487CDEC003B6741 /* Info.plist */,
				8E17875E2487CDEC003B6741 /* Preview Content */,
			);
			path = BuildingListsAndNavigation;
			sourceTree = "<group>";
		};
		8E17875E2487CDEC003B6741 /* Preview Content */ = {
			isa = PBXGroup;
			children = (
				8E17875F2487CDEC003B6741 /* Preview Assets.xcassets */,
			);
			path = "Preview Content";
			sourceTree = "<group>";
		};
		8E17876C2487CE60003B6741 /* SupportingViews */ = {
			isa = PBXGroup;
			children = (
				8E17876D2487CE7A003B6741 /* CircleImage.swift */,
				8E17876F2487CE83003B6741 /* MapView.swift */,
			);
			path = SupportingViews;
			sourceTree = "<group>";
		};
/* End PBXGroup section */

/* Begin PBXNativeTarget section */
		8E1787522487CDEB003B6741 /* BuildingListsAndNavigation */ = {
			isa = PBXNativeTarget;
			buildConfigurationList = 8E1787672487CDEC003B6741 /* Build configuration list for PBXNativeTarget "BuildingListsAndNavigation" */;
			buildPhases = (
				8E17874F2487CDEB003B6741 /* Sources */,
				8E1787502487CDEB003B6741 /* Frameworks */,
				8E1787512487CDEB003B6741 /* Resources */,
			);
			buildRules = (
			);
			dependencies = (
			);
			name = BuildingListsAndNavigation;
			productName = BuildingListsAndNavigation;
			productReference = 8E1787532487CDEB003B6741 /* BuildingListsAndNavigation.app */;
			productType = "com.apple.product-type.application";
		};
/* End PBXNativeTarget section */

/* Begin PBXProject section */
		8E17874B2487CDEB003B6741 /* Project object */ = {
			isa = PBXProject;
			attributes = {
				LastSwiftUpdateCheck = 1140;
				LastUpgradeCheck = 1140;
				ORGANIZATIONNAME = "Joe Veverka";
				TargetAttributes = {
					8E1787522487CDEB003B6741 = {
						CreatedOnToolsVersion = 11.4.1;
					};
				};
			};
			buildConfigurationList = 8E17874E2487CDEB003B6741 /* Build configuration list for PBXProject "BuildingListsAndNavigation" */;
			compatibilityVersion = "Xcode 9.3";
			developmentRegion = en;
			hasScannedForEncodings = 0;
			knownRegions = (
				en,
				Base,
			);
			mainGroup = 8E17874A2487CDEB003B6741;
			productRefGroup = 8E1787542487CDEB003B6741 /* Products */;
			projectDirPath = "";
			projectRoot = "";
			targets = (
				8E1787522487CDEB003B6741 /* BuildingListsAndNavigation */,
			);
		};
/* End PBXProject section */

/* Begin PBXResourcesBuildPhase section */
		8E1787512487CDEB003B6741 /* Resources */ = {
			isa = PBXResourcesBuildPhase;
			buildActionMask = 2147483647;
			files = (
				8E1787632487CDEC003B6741 /* LaunchScreen.storyboard in Resources */,
				8E1787602487CDEC003B6741 /* Preview Assets.xcassets in Resources */,
				8E17875D2487CDEC003B6741 /* Assets.xcassets in Resources */,
			);
			runOnlyForDeploymentPostprocessing = 0;
		};
/* End PBXResourcesBuildPhase section */

/* Begin PBXSourcesBuildPhase section */
		8E17874F2487CDEB003B6741 /* Sources */ = {
			isa = PBXSourcesBuildPhase;
			buildActionMask = 2147483647;
			files = (
				8E1787722487CFA4003B6741 /* Landmark.swift in Sources */,
				8E1787572487CDEB003B6741 /* AppDelegate.swift in Sources */,
				8E1787702487CE83003B6741 /* MapView.swift in Sources */,
				8E1787592487CDEB003B6741 /* SceneDelegate.swift in Sources */,
				8E17875B2487CDEB003B6741 /* ContentView.swift in Sources */,
				8E17876B2487CE21003B6741 /* LandmarkList.swift in Sources */,
				8E17876E2487CE7A003B6741 /* CircleImage.swift in Sources */,
				8E1787742487CFD8003B6741 /* Data.swift in Sources */,
				8E1787782487D021003B6741 /* LandmarkDetail.swift in Sources */,
				8E1787762487CFFF003B6741 /* LandmarkRow.swift in Sources */,
			);
			runOnlyForDeploymentPostprocessing = 0;
		};
/* End PBXSourcesBuildPhase section */

/* Begin PBXVariantGroup section */
		8E1787612487CDEC003B6741 /* LaunchScreen.storyboard */ = {
			isa = PBXVariantGroup;
			children = (
				8E1787622487CDEC003B6741 /* Base */,
			);
			name = LaunchScreen.storyboard;
			sourceTree = "<group>";
		};
/* End PBXVariantGroup section */

/* Begin XCBuildConfiguration section */
		8E1787652487CDEC003B6741 /* Debug */ = {
			isa = XCBuildConfiguration;
			buildSettings = {
				ALWAYS_SEARCH_USER_PATHS = NO;
				CLANG_ANALYZER_NONNULL = YES;
				CLANG_ANALYZER_NUMBER_OBJECT_CONVERSION = YES_AGGRESSIVE;
				CLANG_CXX_LANGUAGE_STANDARD = "gnu++14";
				CLANG_CXX_LIBRARY = "libc++";
				CLANG_ENABLE_MODULES = YES;
				CLANG_ENABLE_OBJC_ARC = YES;
				CLANG_ENABLE_OBJC_WEAK = YES;
				CLANG_WARN_BLOCK_CAPTURE_AUTORELEASING = YES;
				CLANG_WARN_BOOL_CONVERSION = YES;
				CLANG_WARN_COMMA = YES;
				CLANG_WARN_CONSTANT_CONVERSION = YES;
				CLANG_WARN_DEPRECATED_OBJC_IMPLEMENTATIONS = YES;
				CLANG_WARN_DIRECT_OBJC_ISA_USAGE = YES_ERROR;
				CLANG_WARN_DOCUMENTATION_COMMENTS = YES;
				CLANG_WARN_EMPTY_BODY = YES;
				CLANG_WARN_ENUM_CONVERSION = YES;
				CLANG_WARN_INFINITE_RECURSION = YES;
				CLANG_WARN_INT_CONVERSION = YES;
				CLANG_WARN_NON_LITERAL_NULL_CONVERSION = YES;
				CLANG_WARN_OBJC_IMPLICIT_RETAIN_SELF = YES;
				CLANG_WARN_OBJC_LITERAL_CONVERSION = YES;
				CLANG_WARN_OBJC_ROOT_CLASS = YES_ERROR;
				CLANG_WARN_RANGE_LOOP_ANALYSIS = YES;
				CLANG_WARN_STRICT_PROTOTYPES = YES;
				CLANG_WARN_SUSPICIOUS_MOVE = YES;
				CLANG_WARN_UNGUARDED_AVAILABILITY = YES_AGGRESSIVE;
				CLANG_WARN_UNREACHABLE_CODE = YES;
				CLANG_WARN__DUPLICATE_METHOD_MATCH = YES;
				COPY_PHASE_STRIP = NO;
				DEBUG_INFORMATION_FORMAT = dwarf;
				ENABLE_STRICT_OBJC_MSGSEND = YES;
				ENABLE_TESTABILITY = YES;
				GCC_C_LANGUAGE_STANDARD = gnu11;
				GCC_DYNAMIC_NO_PIC = NO;
				GCC_NO_COMMON_BLOCKS = YES;
				GCC_OPTIMIZATION_LEVEL = 0;
				GCC_PREPROCESSOR_DEFINITIONS = (
					"DEBUG=1",
					"$(inherited)",
				);
				GCC_WARN_64_TO_32_BIT_CONVERSION = YES;
				GCC_WARN_ABOUT_RETURN_TYPE = YES_ERROR;
				GCC_WARN_UNDECLARED_SELECTOR = YES;
				GCC_WARN_UNINITIALIZED_AUTOS = YES_AGGRESSIVE;
				GCC_WARN_UNUSED_FUNCTION = YES;
				GCC_WARN_UNUSED_VARIABLE = YES;
				IPHONEOS_DEPLOYMENT_TARGET = 13.4;
				MTL_ENABLE_DEBUG_INFO = INCLUDE_SOURCE;
				MTL_FAST_MATH = YES;
				ONLY_ACTIVE_ARCH = YES;
				SDKROOT = iphoneos;
				SWIFT_ACTIVE_COMPILATION_CONDITIONS = DEBUG;
				SWIFT_OPTIMIZATION_LEVEL = "-Onone";
			};
			name = Debug;
		};
		8E1787662487CDEC003B6741 /* Release */ = {
			isa = XCBuildConfiguration;
			buildSettings = {
				ALWAYS_SEARCH_USER_PATHS = NO;
				CLANG_ANALYZER_NONNULL = YES;
				CLANG_ANALYZER_NUMBER_OBJECT_CONVERSION = YES_AGGRESSIVE;
				CLANG_CXX_LANGUAGE_STANDARD = "gnu++14";
				CLANG_CXX_LIBRARY = "libc++";
				CLANG_ENABLE_MODULES = YES;
				CLANG_ENABLE_OBJC_ARC = YES;
				CLANG_ENABLE_OBJC_WEAK = YES;
				CLANG_WARN_BLOCK_CAPTURE_AUTORELEASING = YES;
				CLANG_WARN_BOOL_CONVERSION = YES;
				CLANG_WARN_COMMA = YES;
				CLANG_WARN_CONSTANT_CONVERSION = YES;
				CLANG_WARN_DEPRECATED_OBJC_IMPLEMENTATIONS = YES;
				CLANG_WARN_DIRECT_OBJC_ISA_USAGE = YES_ERROR;
				CLANG_WARN_DOCUMENTATION_COMMENTS = YES;
				CLANG_WARN_EMPTY_BODY = YES;
				CLANG_WARN_ENUM_CONVERSION = YES;
				CLANG_WARN_INFINITE_RECURSION = YES;
				CLANG_WARN_INT_CONVERSION = YES;
				CLANG_WARN_NON_LITERAL_NULL_CONVERSION = YES;
				CLANG_WARN_OBJC_IMPLICIT_RETAIN_SELF = YES;
				CLANG_WARN_OBJC_LITERAL_CONVERSION = YES;
				CLANG_WARN_OBJC_ROOT_CLASS = YES_ERROR;
				CLANG_WARN_RANGE_LOOP_ANALYSIS = YES;
				CLANG_WARN_STRICT_PROTOTYPES = YES;
				CLANG_WARN_SUSPICIOUS_MOVE = YES;
				CLANG_WARN_UNGUARDED_AVAILABILITY = YES_AGGRESSIVE;
				CLANG_WARN_UNREACHABLE_CODE = YES;
				CLANG_WARN__DUPLICATE_METHOD_MATCH = YES;
				COPY_PHASE_STRIP = NO;
				DEBUG_INFORMATION_FORMAT = "dwarf-with-dsym";
				ENABLE_NS_ASSERTIONS = NO;
				ENABLE_STRICT_OBJC_MSGSEND = YES;
				GCC_C_LANGUAGE_STANDARD = gnu11;
				GCC_NO_COMMON_BLOCKS = YES;
				GCC_WARN_64_TO_32_BIT_CONVERSION = YES;
				GCC_WARN_ABOUT_RETURN_TYPE = YES_ERROR;
				GCC_WARN_UNDECLARED_SELECTOR = YES;
				GCC_WARN_UNINITIALIZED_AUTOS = YES_AGGRESSIVE;
				GCC_WARN_UNUSED_FUNCTION = YES;
				GCC_WARN_UNUSED_VARIABLE = YES;
				IPHONEOS_DEPLOYMENT_TARGET = 13.4;
				MTL_ENABLE_DEBUG_INFO = NO;
				MTL_FAST_MATH = YES;
				SDKROOT = iphoneos;
				SWIFT_COMPILATION_MODE = wholemodule;
				SWIFT_OPTIMIZATION_LEVEL = "-O";
				VALIDATE_PRODUCT = YES;
			};
			name = Release;
		};
		8E1787682487CDEC003B6741 /* Debug */ = {
			isa = XCBuildConfiguration;
			buildSettings = {
				ASSETCATALOG_COMPILER_APPICON_NAME = AppIcon;
				CODE_SIGN_STYLE = Automatic;
				DEVELOPMENT_ASSET_PATHS = "\"BuildingListsAndNavigation/Preview Content\"";
				DEVELOPMENT_TEAM = ZLCFP6QUVG;
				ENABLE_PREVIEWS = YES;
				INFOPLIST_FILE = BuildingListsAndNavigation/Info.plist;
				LD_RUNPATH_SEARCH_PATHS = (
					"$(inherited)",
					"@executable_path/Frameworks",
				);
				PRODUCT_BUNDLE_IDENTIFIER = com.joeV.BuildingListsAndNavigation;
				PRODUCT_NAME = "$(TARGET_NAME)";
				SWIFT_VERSION = 5.0;
				TARGETED_DEVICE_FAMILY = "1,2";
			};
			name = Debug;
		};
		8E1787692487CDEC003B6741 /* Release */ = {
			isa = XCBuildConfiguration;
			buildSettings = {
				ASSETCATALOG_COMPILER_APPICON_NAME = AppIcon;
				CODE_SIGN_STYLE = Automatic;
				DEVELOPMENT_ASSET_PATHS = "\"BuildingListsAndNavigation/Preview Content\"";
				DEVELOPMENT_TEAM = ZLCFP6QUVG;
				ENABLE_PREVIEWS = YES;
				INFOPLIST_FILE = BuildingListsAndNavigation/Info.plist;
				LD_RUNPATH_SEARCH_PATHS = (
					"$(inherited)",
					"@executable_path/Frameworks",
				);
				PRODUCT_BUNDLE_IDENTIFIER = com.joeV.BuildingListsAndNavigation;
				PRODUCT_NAME = "$(TARGET_NAME)";
				SWIFT_VERSION = 5.0;
				TARGETED_DEVICE_FAMILY = "1,2";
			};
			name = Release;
		};
/* End XCBuildConfiguration section */

/* Begin XCConfigurationList section */
		8E17874E2487CDEB003B6741 /* Build configuration list for PBXProject "BuildingListsAndNavigation" */ = {
			isa = XCConfigurationList;
			buildConfigurations = (
				8E1787652487CDEC003B6741 /* Debug */,
				8E1787662487CDEC003B6741 /* Release */,
			);
			defaultConfigurationIsVisible = 0;
			defaultConfigurationName = Release;
		};
		8E1787672487CDEC003B6741 /* Build configuration list for PBXNativeTarget "BuildingListsAndNavigation" */ = {
			isa = XCConfigurationList;
			buildConfigurations = (
				8E1787682487CDEC003B6741 /* Debug */,
				8E1787692487CDEC003B6741 /* Release */,
			);
			defaultConfigurationIsVisible = 0;
			defaultConfigurationName = Release;
		};
/* End XCConfigurationList section */
	};
	rootObject = 8E17874B2487CDEB003B6741 /* Project object */;
}
